<?xml version="1.0" encoding="utf-8"?>
<Project ToolsVersion="4.0" xmlns="http://schemas.microsoft.com/developer/msbuild/2003">
  <ItemGroup>
    <Filter Include="0. Engine">
      <UniqueIdentifier>{4FC737F1-C7A5-4376-A066-2A32D752A2FF}</UniqueIdentifier>
    </Filter>
    <Filter Include="1. Manager">
      <UniqueIdentifier>{93995380-89BD-4b04-88EB-625FBE52EBFB}</UniqueIdentifier>
    </Filter>
    <Filter Include="2. Component">
      <UniqueIdentifier>{67DA6AB6-F800-4c08-8B7A-83BB121AAD01}</UniqueIdentifier>
    </Filter>
    <Filter Include="3. Entity">
      <UniqueIdentifier>{7a514d28-7cc1-4fb2-bd74-e8180d500c5c}</UniqueIdentifier>
    </Filter>
    <Filter Include="4. Shader">
      <UniqueIdentifier>{8c7e63b1-4ebc-4a30-8a1a-7b3b44b806d2}</UniqueIdentifier>
    </Filter>
    <Filter Include="5. ImGui">
      <UniqueIdentifier>{6d817f54-5c91-4770-b499-e4d0d6fb05d0}</UniqueIdentifier>
    </Filter>
  </ItemGroup>
  <ItemGroup>
    <ClInclude Include="stdafx.h">
      <Filter>0. Engine</Filter>
    </ClInclude>
    <ClInclude Include="Core\Engine.h">
      <Filter>0. Engine</Filter>
    </ClInclude>
    <ClInclude Include="Core\EditorPanel.h">
      <Filter>0. Engine</Filter>
    </ClInclude>
    <ClInclude Include="Core\GameFramework.h">
      <Filter>0. Engine</Filter>
    </ClInclude>
    <ClInclude Include="Core\Shader.h">
      <Filter>0. Engine</Filter>
    </ClInclude>
    <ClInclude Include="Managers\ResourceManager.h">
      <Filter>1. Manager</Filter>
    </ClInclude>
    <ClInclude Include="Managers\SceneManager.h">
      <Filter>1. Manager</Filter>
    </ClInclude>
    <ClInclude Include="Managers\InputManager.h">
      <Filter>1. Manager</Filter>
    </ClInclude>
    <ClInclude Include="Managers\CameraManager.h">
      <Filter>1. Manager</Filter>
    </ClInclude>
    <ClInclude Include="Components\Component.h">
      <Filter>2. Component</Filter>
    </ClInclude>
    <ClInclude Include="Components\GeometryGenerator.h">
      <Filter>2. Component</Filter>
    </ClInclude>
    <ClInclude Include="Components\TransformComponent.h">
      <Filter>2. Component</Filter>
    </ClInclude>
    <ClInclude Include="Components\MeshComponent.h">
      <Filter>2. Component</Filter>
    </ClInclude>
    <ClInclude Include="Components\KeyboardController.h">
      <Filter>2. Component</Filter>
    </ClInclude>
    <ClInclude Include="Entities\GameObject.h">
      <Filter>3. Entity</Filter>
    </ClInclude>
    <ClInclude Include="..\ThirdParty\imgui\imconfig.h">
      <Filter>5. ImGui</Filter>
    </ClInclude>
    <ClInclude Include="..\ThirdParty\imgui\imgui.h">
      <Filter>5. ImGui</Filter>
    </ClInclude>
    <ClInclude Include="..\ThirdParty\imgui\imgui_internal.h">
      <Filter>5. ImGui</Filter>
    </ClInclude>
    <ClInclude Include="..\ThirdParty\imgui\imstb_rectpack.h">
      <Filter>5. ImGui</Filter>
    </ClInclude>
    <ClInclude Include="..\ThirdParty\imgui\imstb_textedit.h">
      <Filter>5. ImGui</Filter>
    </ClInclude>
    <ClInclude Include="..\ThirdParty\imgui\imstb_truetype.h">
      <Filter>5. ImGui</Filter>
    </ClInclude>
    <ClInclude Include="..\ThirdParty\imgui\backends\imgui_impl_glfw.h">
      <Filter>5. ImGui</Filter>
    </ClInclude>
    <ClInclude Include="..\ThirdParty\imgui\backends\imgui_impl_opengl3.h">
      <Filter>5. ImGui</Filter>
    </ClInclude>
    <ClInclude Include="..\ThirdParty\imgui\backends\imgui_impl_opengl3_loader.h">
      <Filter>5. ImGui</Filter>
    </ClInclude>
    <ClInclude Include="..\ThirdParty\imgui\ImGuizmo.h">
      <Filter>5. ImGui</Filter>
    </ClInclude>
  </ItemGroup>
  <ItemGroup>
    <ClCompile Include="stdafx.cpp">
      <Filter>0. Engine</Filter>
    </ClCompile>
    <ClCompile Include="Core\Engine.cpp">
      <Filter>0. Engine</Filter>
    </ClCompile>
    <ClCompile Include="Core\EditorPanel.cpp">
      <Filter>0. Engine</Filter>
    </ClCompile>
    <ClCompile Include="Core\GameFramework.cpp">
      <Filter>0. Engine</Filter>
    </ClCompile>
    <ClCompile Include="Core\Shader.cpp">
      <Filter>0. Engine</Filter>
    </ClCompile>
    <ClCompile Include="Managers\ResourceManager.cpp">
      <Filter>1. Manager</Filter>
    </ClCompile>
    <ClCompile Include="Managers\SceneManager.cpp">
      <Filter>1. Manager</Filter>
    </ClCompile>
    <ClCompile Include="Managers\InputManager.cpp">
      <Filter>1. Manager</Filter>
    </ClCompile>
    <ClCompile Include="Managers\CameraManager.cpp">
      <Filter>1. Manager</Filter>
    </ClCompile>
    <ClCompile Include="Components\TransformComponent.cpp">
      <Filter>2. Component</Filter>
    </ClCompile>
    <ClCompile Include="Components\MeshComponent.cpp">
      <Filter>2. Component</Filter>
    </ClCompile>
    <ClCompile Include="Components\KeyboardController.cpp">
      <Filter>2. Component</Filter>
    </ClCompile>
    <ClCompile Include="Entities\GameObject.cpp">
      <Filter>3. Entity</Filter>
    </ClCompile>
    <ClCompile Include="main.cpp" />
    <ClCompile Include="..\ThirdParty\imgui\imgui.cpp">
      <Filter>5. ImGui</Filter>
    </ClCompile>
    <ClCompile Include="..\ThirdParty\imgui\imgui_draw.cpp">
      <Filter>5. ImGui</Filter>
    </ClCompile>
    <ClCompile Include="..\ThirdParty\imgui\imgui_tables.cpp">
      <Filter>5. ImGui</Filter>
    </ClCompile>
    <ClCompile Include="..\ThirdParty\imgui\imgui_widgets.cpp">
      <Filter>5. ImGui</Filter>
    </ClCompile>
    <ClCompile Include="..\ThirdParty\imgui\backends\imgui_impl_glfw.cpp">
      <Filter>5. ImGui</Filter>
    </ClCompile>
    <ClCompile Include="..\ThirdParty\imgui\backends\imgui_impl_opengl3.cpp">
      <Filter>5. ImGui</Filter>
    </ClCompile>
    <ClCompile Include="..\ThirdParty\imgui\ImGuizmo.cpp">
      <Filter>5. ImGui</Filter>
    </ClCompile>
  </ItemGroup>
  <ItemGroup>
    <None Include="Shaders\cube.fs">
      <Filter>4. Shader</Filter>
    </None>
    <None Include="Shaders\cube.vs">
      <Filter>4. Shader</Filter>
    </None>
  </ItemGroup>
</Project>